
Microsoft Visual Studio Solution File, Format Version 12.00
# Visual Studio Version 16
VisualStudioVersion = 16.0.31613.86
MinimumVisualStudioVersion = 10.0.40219.1
Project("{9A19103F-16F7-4668-BE54-9A1E7A4F7556}") = "Workout Program", "Workout Program.csproj", "{32506E00-A3E9-49F1-98B0-693B743BCB2B}"
EndProject
Global
	GlobalSection(SolutionConfigurationPlatforms) = preSolution
		Debug|Any CPU = Debug|Any CPU
		Release|Any CPU = Release|Any CPU
	EndGlobalSection
	GlobalSection(ProjectConfigurationPlatforms) = postSolution
		{32506E00-A3E9-49F1-98B0-693B743BCB2B}.Debug|Any CPU.ActiveCfg = Debug|Any CPU
		{32506E00-A3E9-49F1-98B0-693B743BCB2B}.Debug|Any CPU.Build.0 = Debug|Any CPU
		{32506E00-A3E9-49F1-98B0-693B743BCB2B}.Release|Any CPU.ActiveCfg = Release|Any CPU
		{32506E00-A3E9-49F1-98B0-693B743BCB2B}.Release|Any CPU.Build.0 = Release|Any CPU
	EndGlobalSection
	GlobalSection(SolutionProperties) = preSolution
		HideSolutionNode = FALSE
	EndGlobalSection
	GlobalSection(ExtensibilityGlobals) = postSolution
		SolutionGuid = {6A0FD52E-6B26-4818-9EE7-D74CBA0CED5E}
	EndGlobalSection
EndGlobal
